Microsoft Visual Studio Solution File, Format Version 12.00
# Visual Studio 15
VisualStudioVersion = 15.0.26326.0
MinimumVisualStudioVersion = 10.0.40219.1
Project("{2150E333-8FDC-42A3-9474-1A3956D46DE8}") = "src", "src", "{D99A7C12-A812-4CB9-8C17-4FD052D215C6}"
EndProject
Project("{FAE04EC0-301F-11D3-BF4B-00C04F79EFBC}") = "Microsoft.TestPlatform.CoreUtilities", "src\Microsoft.TestPlatform.CoreUtilities\Microsoft.TestPlatform.CoreUtilities.csproj", "{FF04E95B-1E9D-46EC-A1BD-43B829AD630D}"
EndProject
Project("{FAE04EC0-301F-11D3-BF4B-00C04F79EFBC}") = "datacollector", "src\datacollector\datacollector.csproj", "{F192771C-9E36-4D64-92D1-FFB02DDA0056}"
EndProject
Project("{FAE04EC0-301F-11D3-BF4B-00C04F79EFBC}") = "Microsoft.TestPlatform.Build", "src\Microsoft.TestPlatform.Build\Microsoft.TestPlatform.Build.csproj", "{608D052D-1BC3-4089-B18E-D9702EB99881}"
EndProject
Project("{FAE04EC0-301F-11D3-BF4B-00C04F79EFBC}") = "Microsoft.TestPlatform.Client", "src\Microsoft.TestPlatform.Client\Microsoft.TestPlatform.Client.csproj", "{BA59AF0A-6479-4CF9-B615-4CC8B0369683}"
EndProject
Project("{FAE04EC0-301F-11D3-BF4B-00C04F79EFBC}") = "Microsoft.TestPlatform.Common", "src\Microsoft.TestPlatform.Common\Microsoft.TestPlatform.Common.csproj", "{0DC5934F-98DF-4025-9D0D-0B493CD08792}"
EndProject
Project("{FAE04EC0-301F-11D3-BF4B-00C04F79EFBC}") = "Microsoft.TestPlatform.CommunicationUtilities", "src\Microsoft.TestPlatform.CommunicationUtilities\Microsoft.TestPlatform.CommunicationUtilities.csproj", "{1621415E-7723-4F46-A589-4C4620C0751A}"
EndProject
Project("{FAE04EC0-301F-11D3-BF4B-00C04F79EFBC}") = "Microsoft.TestPlatform.CrossPlatEngine", "src\Microsoft.TestPlatform.CrossPlatEngine\Microsoft.TestPlatform.CrossPlatEngine.csproj", "{068AC87B-D707-4421-BE3F-C3DF03A2173E}"
EndProject
Project("{FAE04EC0-301F-11D3-BF4B-00C04F79EFBC}") = "Microsoft.TestPlatform.ObjectModel", "src\Microsoft.TestPlatform.ObjectModel\Microsoft.TestPlatform.ObjectModel.csproj", "{56ABA32E-466C-45B5-ADE7-63247086E7C7}"
EndProject
Project("{FAE04EC0-301F-11D3-BF4B-00C04F79EFBC}") = "Microsoft.TestPlatform.Utilities", "src\Microsoft.TestPlatform.Utilities\Microsoft.TestPlatform.Utilities.csproj", "{3E1F3BD0-AA1E-44D4-B08B-24A277F4E774}"
EndProject
Project("{FAE04EC0-301F-11D3-BF4B-00C04F79EFBC}") = "Microsoft.TestPlatform.Extensions.TrxLogger", "src\Microsoft.TestPlatform.Extensions.TrxLogger\Microsoft.TestPlatform.Extensions.TrxLogger.csproj", "{83DAF542-870F-4F13-9100-8B7C03E96B10}"
EndProject
Project("{FAE04EC0-301F-11D3-BF4B-00C04F79EFBC}") = "Microsoft.TestPlatform.VsTestConsole.TranslationLayer", "src\Microsoft.TestPlatform.VsTestConsole.TranslationLayer\Microsoft.TestPlatform.VsTestConsole.TranslationLayer.csproj", "{E6F83F01-B396-4DE8-B9D4-1EFDA6DF5D1C}"
EndProject
Project("{FAE04EC0-301F-11D3-BF4B-00C04F79EFBC}") = "testhost", "src\testhost\testhost.csproj", "{A1A3166A-8FE2-4F74-9A30-311465460660}"
EndProject
Project("{FAE04EC0-301F-11D3-BF4B-00C04F79EFBC}") = "testhost.x86", "src\testhost.x86\testhost.x86.csproj", "{FDB8108C-E63B-419C-AFB5-0610FF33B0A1}"
EndProject
Project("{FAE04EC0-301F-11D3-BF4B-00C04F79EFBC}") = "vstest.console", "src\vstest.console\vstest.console.csproj", "{51EABF5E-CA16-4313-BCD1-7221A6A73297}"
EndProject
Project("{FAE04EC0-301F-11D3-BF4B-00C04F79EFBC}") = "Microsoft.TestPlatform.PlatformAbstractions", "src\Microsoft.TestPlatform.PlatformAbstractions\Microsoft.TestPlatform.PlatformAbstractions.csproj", "{F9BD0849-001A-4158-ABD6-8F7C68C750B6}"
EndProject
Project("{2150E333-8FDC-42A3-9474-1A3956D46DE8}") = "package", "package", "{E0AAB61C-1103-4187-941F-D350333F7192}"
EndProject
Project("{FAE04EC0-301F-11D3-BF4B-00C04F79EFBC}") = "package", "src\package\package\package.csproj", "{CD8DDD2A-796C-4E61-AB6A-8F380C79C753}"
EndProject
Project("{FAE04EC0-301F-11D3-BF4B-00C04F79EFBC}") = "Microsoft.TestPlatform.TestHostProvider", "src\Microsoft.TestPlatform.TestHostProvider\Microsoft.TestPlatform.TestHostProvider.csproj", "{B517582E-7A18-49B4-B779-39DB2A802F83}"
EndProject
Global
	GlobalSection(SolutionConfigurationPlatforms) = preSolution
		Debug|Any CPU = Debug|Any CPU
		Debug|x64 = Debug|x64
		Debug|x86 = Debug|x86
		Release|Any CPU = Release|Any CPU
		Release|x64 = Release|x64
		Release|x86 = Release|x86
	EndGlobalSection
	GlobalSection(ProjectConfigurationPlatforms) = postSolution
		{FF04E95B-1E9D-46EC-A1BD-43B829AD630D}.Debug|Any CPU.ActiveCfg = Debug|Any CPU
		{FF04E95B-1E9D-46EC-A1BD-43B829AD630D}.Debug|Any CPU.Build.0 = Debug|Any CPU
		{FF04E95B-1E9D-46EC-A1BD-43B829AD630D}.Debug|x64.ActiveCfg = Debug|x64
		{FF04E95B-1E9D-46EC-A1BD-43B829AD630D}.Debug|x64.Build.0 = Debug|x64
		{FF04E95B-1E9D-46EC-A1BD-43B829AD630D}.Debug|x86.ActiveCfg = Debug|x86
		{FF04E95B-1E9D-46EC-A1BD-43B829AD630D}.Debug|x86.Build.0 = Debug|x86
		{FF04E95B-1E9D-46EC-A1BD-43B829AD630D}.Release|Any CPU.ActiveCfg = Release|Any CPU
		{FF04E95B-1E9D-46EC-A1BD-43B829AD630D}.Release|Any CPU.Build.0 = Release|Any CPU
		{FF04E95B-1E9D-46EC-A1BD-43B829AD630D}.Release|x64.ActiveCfg = Release|x64
		{FF04E95B-1E9D-46EC-A1BD-43B829AD630D}.Release|x64.Build.0 = Release|x64
		{FF04E95B-1E9D-46EC-A1BD-43B829AD630D}.Release|x86.ActiveCfg = Release|x86
		{FF04E95B-1E9D-46EC-A1BD-43B829AD630D}.Release|x86.Build.0 = Release|x86
		{F192771C-9E36-4D64-92D1-FFB02DDA0056}.Debug|Any CPU.ActiveCfg = Debug|Any CPU
		{F192771C-9E36-4D64-92D1-FFB02DDA0056}.Debug|Any CPU.Build.0 = Debug|Any CPU
		{F192771C-9E36-4D64-92D1-FFB02DDA0056}.Debug|x64.ActiveCfg = Debug|x64
		{F192771C-9E36-4D64-92D1-FFB02DDA0056}.Debug|x64.Build.0 = Debug|x64
		{F192771C-9E36-4D64-92D1-FFB02DDA0056}.Debug|x86.ActiveCfg = Debug|x86
		{F192771C-9E36-4D64-92D1-FFB02DDA0056}.Debug|x86.Build.0 = Debug|x86
		{F192771C-9E36-4D64-92D1-FFB02DDA0056}.Release|Any CPU.ActiveCfg = Release|Any CPU
		{F192771C-9E36-4D64-92D1-FFB02DDA0056}.Release|Any CPU.Build.0 = Release|Any CPU
		{F192771C-9E36-4D64-92D1-FFB02DDA0056}.Release|x64.ActiveCfg = Release|x64
		{F192771C-9E36-4D64-92D1-FFB02DDA0056}.Release|x64.Build.0 = Release|x64
		{F192771C-9E36-4D64-92D1-FFB02DDA0056}.Release|x86.ActiveCfg = Release|x86
		{F192771C-9E36-4D64-92D1-FFB02DDA0056}.Release|x86.Build.0 = Release|x86
		{608D052D-1BC3-4089-B18E-D9702EB99881}.Debug|Any CPU.ActiveCfg = Debug|Any CPU
		{608D052D-1BC3-4089-B18E-D9702EB99881}.Debug|Any CPU.Build.0 = Debug|Any CPU
		{608D052D-1BC3-4089-B18E-D9702EB99881}.Debug|x64.ActiveCfg = Debug|x64
		{608D052D-1BC3-4089-B18E-D9702EB99881}.Debug|x64.Build.0 = Debug|x64
		{608D052D-1BC3-4089-B18E-D9702EB99881}.Debug|x86.ActiveCfg = Debug|x86
		{608D052D-1BC3-4089-B18E-D9702EB99881}.Debug|x86.Build.0 = Debug|x86
		{608D052D-1BC3-4089-B18E-D9702EB99881}.Release|Any CPU.ActiveCfg = Release|Any CPU
		{608D052D-1BC3-4089-B18E-D9702EB99881}.Release|Any CPU.Build.0 = Release|Any CPU
		{608D052D-1BC3-4089-B18E-D9702EB99881}.Release|x64.ActiveCfg = Release|x64
		{608D052D-1BC3-4089-B18E-D9702EB99881}.Release|x64.Build.0 = Release|x64
		{608D052D-1BC3-4089-B18E-D9702EB99881}.Release|x86.ActiveCfg = Release|x86
		{608D052D-1BC3-4089-B18E-D9702EB99881}.Release|x86.Build.0 = Release|x86
		{BA59AF0A-6479-4CF9-B615-4CC8B0369683}.Debug|Any CPU.ActiveCfg = Debug|Any CPU
		{BA59AF0A-6479-4CF9-B615-4CC8B0369683}.Debug|Any CPU.Build.0 = Debug|Any CPU
		{BA59AF0A-6479-4CF9-B615-4CC8B0369683}.Debug|x64.ActiveCfg = Debug|x64
		{BA59AF0A-6479-4CF9-B615-4CC8B0369683}.Debug|x64.Build.0 = Debug|x64
		{BA59AF0A-6479-4CF9-B615-4CC8B0369683}.Debug|x86.ActiveCfg = Debug|x86
		{BA59AF0A-6479-4CF9-B615-4CC8B0369683}.Debug|x86.Build.0 = Debug|x86
		{BA59AF0A-6479-4CF9-B615-4CC8B0369683}.Release|Any CPU.ActiveCfg = Release|Any CPU
		{BA59AF0A-6479-4CF9-B615-4CC8B0369683}.Release|Any CPU.Build.0 = Release|Any CPU
		{BA59AF0A-6479-4CF9-B615-4CC8B0369683}.Release|x64.ActiveCfg = Release|x64
		{BA59AF0A-6479-4CF9-B615-4CC8B0369683}.Release|x64.Build.0 = Release|x64
		{BA59AF0A-6479-4CF9-B615-4CC8B0369683}.Release|x86.ActiveCfg = Release|x86
		{BA59AF0A-6479-4CF9-B615-4CC8B0369683}.Release|x86.Build.0 = Release|x86
		{0DC5934F-98DF-4025-9D0D-0B493CD08792}.Debug|Any CPU.ActiveCfg = Debug|Any CPU
		{0DC5934F-98DF-4025-9D0D-0B493CD08792}.Debug|Any CPU.Build.0 = Debug|Any CPU
		{0DC5934F-98DF-4025-9D0D-0B493CD08792}.Debug|x64.ActiveCfg = Debug|x64
		{0DC5934F-98DF-4025-9D0D-0B493CD08792}.Debug|x64.Build.0 = Debug|x64
		{0DC5934F-98DF-4025-9D0D-0B493CD08792}.Debug|x86.ActiveCfg = Debug|x86
		{0DC5934F-98DF-4025-9D0D-0B493CD08792}.Debug|x86.Build.0 = Debug|x86
		{0DC5934F-98DF-4025-9D0D-0B493CD08792}.Release|Any CPU.ActiveCfg = Release|Any CPU
		{0DC5934F-98DF-4025-9D0D-0B493CD08792}.Release|Any CPU.Build.0 = Release|Any CPU
		{0DC5934F-98DF-4025-9D0D-0B493CD08792}.Release|x64.ActiveCfg = Release|x64
		{0DC5934F-98DF-4025-9D0D-0B493CD08792}.Release|x64.Build.0 = Release|x64
		{0DC5934F-98DF-4025-9D0D-0B493CD08792}.Release|x86.ActiveCfg = Release|x86
		{0DC5934F-98DF-4025-9D0D-0B493CD08792}.Release|x86.Build.0 = Release|x86
		{1621415E-7723-4F46-A589-4C4620C0751A}.Debug|Any CPU.ActiveCfg = Debug|Any CPU
		{1621415E-7723-4F46-A589-4C4620C0751A}.Debug|Any CPU.Build.0 = Debug|Any CPU
		{1621415E-7723-4F46-A589-4C4620C0751A}.Debug|x64.ActiveCfg = Debug|x64
		{1621415E-7723-4F46-A589-4C4620C0751A}.Debug|x64.Build.0 = Debug|x64
		{1621415E-7723-4F46-A589-4C4620C0751A}.Debug|x86.ActiveCfg = Debug|x86
		{1621415E-7723-4F46-A589-4C4620C0751A}.Debug|x86.Build.0 = Debug|x86
		{1621415E-7723-4F46-A589-4C4620C0751A}.Release|Any CPU.ActiveCfg = Release|Any CPU
		{1621415E-7723-4F46-A589-4C4620C0751A}.Release|Any CPU.Build.0 = Release|Any CPU
		{1621415E-7723-4F46-A589-4C4620C0751A}.Release|x64.ActiveCfg = Release|x64
		{1621415E-7723-4F46-A589-4C4620C0751A}.Release|x64.Build.0 = Release|x64
		{1621415E-7723-4F46-A589-4C4620C0751A}.Release|x86.ActiveCfg = Release|x86
		{1621415E-7723-4F46-A589-4C4620C0751A}.Release|x86.Build.0 = Release|x86
		{068AC87B-D707-4421-BE3F-C3DF03A2173E}.Debug|Any CPU.ActiveCfg = Debug|Any CPU
		{068AC87B-D707-4421-BE3F-C3DF03A2173E}.Debug|Any CPU.Build.0 = Debug|Any CPU
		{068AC87B-D707-4421-BE3F-C3DF03A2173E}.Debug|x64.ActiveCfg = Debug|x64
		{068AC87B-D707-4421-BE3F-C3DF03A2173E}.Debug|x64.Build.0 = Debug|x64
		{068AC87B-D707-4421-BE3F-C3DF03A2173E}.Debug|x86.ActiveCfg = Debug|x86
		{068AC87B-D707-4421-BE3F-C3DF03A2173E}.Debug|x86.Build.0 = Debug|x86
		{068AC87B-D707-4421-BE3F-C3DF03A2173E}.Release|Any CPU.ActiveCfg = Release|Any CPU
		{068AC87B-D707-4421-BE3F-C3DF03A2173E}.Release|Any CPU.Build.0 = Release|Any CPU
		{068AC87B-D707-4421-BE3F-C3DF03A2173E}.Release|x64.ActiveCfg = Release|x64
		{068AC87B-D707-4421-BE3F-C3DF03A2173E}.Release|x64.Build.0 = Release|x64
		{068AC87B-D707-4421-BE3F-C3DF03A2173E}.Release|x86.ActiveCfg = Release|x86
		{068AC87B-D707-4421-BE3F-C3DF03A2173E}.Release|x86.Build.0 = Release|x86
		{56ABA32E-466C-45B5-ADE7-63247086E7C7}.Debug|Any CPU.ActiveCfg = Debug|Any CPU
		{56ABA32E-466C-45B5-ADE7-63247086E7C7}.Debug|Any CPU.Build.0 = Debug|Any CPU
		{56ABA32E-466C-45B5-ADE7-63247086E7C7}.Debug|x64.ActiveCfg = Debug|x64
		{56ABA32E-466C-45B5-ADE7-63247086E7C7}.Debug|x64.Build.0 = Debug|x64
		{56ABA32E-466C-45B5-ADE7-63247086E7C7}.Debug|x86.ActiveCfg = Debug|x86
		{56ABA32E-466C-45B5-ADE7-63247086E7C7}.Debug|x86.Build.0 = Debug|x86
		{56ABA32E-466C-45B5-ADE7-63247086E7C7}.Release|Any CPU.ActiveCfg = Release|Any CPU
		{56ABA32E-466C-45B5-ADE7-63247086E7C7}.Release|Any CPU.Build.0 = Release|Any CPU
		{56ABA32E-466C-45B5-ADE7-63247086E7C7}.Release|x64.ActiveCfg = Release|x64
		{56ABA32E-466C-45B5-ADE7-63247086E7C7}.Release|x64.Build.0 = Release|x64
		{56ABA32E-466C-45B5-ADE7-63247086E7C7}.Release|x86.ActiveCfg = Release|x86
		{56ABA32E-466C-45B5-ADE7-63247086E7C7}.Release|x86.Build.0 = Release|x86
		{3E1F3BD0-AA1E-44D4-B08B-24A277F4E774}.Debug|Any CPU.ActiveCfg = Debug|Any CPU
		{3E1F3BD0-AA1E-44D4-B08B-24A277F4E774}.Debug|Any CPU.Build.0 = Debug|Any CPU
		{3E1F3BD0-AA1E-44D4-B08B-24A277F4E774}.Debug|x64.ActiveCfg = Debug|x64
		{3E1F3BD0-AA1E-44D4-B08B-24A277F4E774}.Debug|x64.Build.0 = Debug|x64
		{3E1F3BD0-AA1E-44D4-B08B-24A277F4E774}.Debug|x86.ActiveCfg = Debug|x86
		{3E1F3BD0-AA1E-44D4-B08B-24A277F4E774}.Debug|x86.Build.0 = Debug|x86
		{3E1F3BD0-AA1E-44D4-B08B-24A277F4E774}.Release|Any CPU.ActiveCfg = Release|Any CPU
		{3E1F3BD0-AA1E-44D4-B08B-24A277F4E774}.Release|Any CPU.Build.0 = Release|Any CPU
		{3E1F3BD0-AA1E-44D4-B08B-24A277F4E774}.Release|x64.ActiveCfg = Release|x64
		{3E1F3BD0-AA1E-44D4-B08B-24A277F4E774}.Release|x64.Build.0 = Release|x64
		{3E1F3BD0-AA1E-44D4-B08B-24A277F4E774}.Release|x86.ActiveCfg = Release|x86
		{3E1F3BD0-AA1E-44D4-B08B-24A277F4E774}.Release|x86.Build.0 = Release|x86
		{83DAF542-870F-4F13-9100-8B7C03E96B10}.Debug|Any CPU.ActiveCfg = Debug|Any CPU
		{83DAF542-870F-4F13-9100-8B7C03E96B10}.Debug|Any CPU.Build.0 = Debug|Any CPU
		{83DAF542-870F-4F13-9100-8B7C03E96B10}.Debug|x64.ActiveCfg = Debug|x64
		{83DAF542-870F-4F13-9100-8B7C03E96B10}.Debug|x64.Build.0 = Debug|x64
		{83DAF542-870F-4F13-9100-8B7C03E96B10}.Debug|x86.ActiveCfg = Debug|x86
		{83DAF542-870F-4F13-9100-8B7C03E96B10}.Debug|x86.Build.0 = Debug|x86
		{83DAF542-870F-4F13-9100-8B7C03E96B10}.Release|Any CPU.ActiveCfg = Release|Any CPU
		{83DAF542-870F-4F13-9100-8B7C03E96B10}.Release|Any CPU.Build.0 = Release|Any CPU
		{83DAF542-870F-4F13-9100-8B7C03E96B10}.Release|x64.ActiveCfg = Release|x64
		{83DAF542-870F-4F13-9100-8B7C03E96B10}.Release|x64.Build.0 = Release|x64
		{83DAF542-870F-4F13-9100-8B7C03E96B10}.Release|x86.ActiveCfg = Release|x86
		{83DAF542-870F-4F13-9100-8B7C03E96B10}.Release|x86.Build.0 = Release|x86
		{E6F83F01-B396-4DE8-B9D4-1EFDA6DF5D1C}.Debug|Any CPU.ActiveCfg = Debug|Any CPU
		{E6F83F01-B396-4DE8-B9D4-1EFDA6DF5D1C}.Debug|Any CPU.Build.0 = Debug|Any CPU
		{E6F83F01-B396-4DE8-B9D4-1EFDA6DF5D1C}.Debug|x64.ActiveCfg = Debug|x64
		{E6F83F01-B396-4DE8-B9D4-1EFDA6DF5D1C}.Debug|x64.Build.0 = Debug|x64
		{E6F83F01-B396-4DE8-B9D4-1EFDA6DF5D1C}.Debug|x86.ActiveCfg = Debug|x86
		{E6F83F01-B396-4DE8-B9D4-1EFDA6DF5D1C}.Debug|x86.Build.0 = Debug|x86
		{E6F83F01-B396-4DE8-B9D4-1EFDA6DF5D1C}.Release|Any CPU.ActiveCfg = Release|Any CPU
		{E6F83F01-B396-4DE8-B9D4-1EFDA6DF5D1C}.Release|Any CPU.Build.0 = Release|Any CPU
		{E6F83F01-B396-4DE8-B9D4-1EFDA6DF5D1C}.Release|x64.ActiveCfg = Release|x64
		{E6F83F01-B396-4DE8-B9D4-1EFDA6DF5D1C}.Release|x64.Build.0 = Release|x64
		{E6F83F01-B396-4DE8-B9D4-1EFDA6DF5D1C}.Release|x86.ActiveCfg = Release|x86
		{E6F83F01-B396-4DE8-B9D4-1EFDA6DF5D1C}.Release|x86.Build.0 = Release|x86
		{A1A3166A-8FE2-4F74-9A30-311465460660}.Debug|Any CPU.ActiveCfg = Debug|Any CPU
		{A1A3166A-8FE2-4F74-9A30-311465460660}.Debug|Any CPU.Build.0 = Debug|Any CPU
		{A1A3166A-8FE2-4F74-9A30-311465460660}.Debug|x64.ActiveCfg = Debug|x64
		{A1A3166A-8FE2-4F74-9A30-311465460660}.Debug|x64.Build.0 = Debug|x64
		{A1A3166A-8FE2-4F74-9A30-311465460660}.Debug|x86.ActiveCfg = Debug|x86
		{A1A3166A-8FE2-4F74-9A30-311465460660}.Debug|x86.Build.0 = Debug|x86
		{A1A3166A-8FE2-4F74-9A30-311465460660}.Release|Any CPU.ActiveCfg = Release|Any CPU
		{A1A3166A-8FE2-4F74-9A30-311465460660}.Release|Any CPU.Build.0 = Release|Any CPU
		{A1A3166A-8FE2-4F74-9A30-311465460660}.Release|x64.ActiveCfg = Release|x64
		{A1A3166A-8FE2-4F74-9A30-311465460660}.Release|x64.Build.0 = Release|x64
		{A1A3166A-8FE2-4F74-9A30-311465460660}.Release|x86.ActiveCfg = Release|x86
		{A1A3166A-8FE2-4F74-9A30-311465460660}.Release|x86.Build.0 = Release|x86
		{FDB8108C-E63B-419C-AFB5-0610FF33B0A1}.Debug|Any CPU.ActiveCfg = Debug|Any CPU
		{FDB8108C-E63B-419C-AFB5-0610FF33B0A1}.Debug|Any CPU.Build.0 = Debug|Any CPU
		{FDB8108C-E63B-419C-AFB5-0610FF33B0A1}.Debug|x64.ActiveCfg = Debug|x64
		{FDB8108C-E63B-419C-AFB5-0610FF33B0A1}.Debug|x64.Build.0 = Debug|x64
		{FDB8108C-E63B-419C-AFB5-0610FF33B0A1}.Debug|x86.ActiveCfg = Debug|x86
		{FDB8108C-E63B-419C-AFB5-0610FF33B0A1}.Debug|x86.Build.0 = Debug|x86
		{FDB8108C-E63B-419C-AFB5-0610FF33B0A1}.Release|Any CPU.ActiveCfg = Release|Any CPU
		{FDB8108C-E63B-419C-AFB5-0610FF33B0A1}.Release|Any CPU.Build.0 = Release|Any CPU
		{FDB8108C-E63B-419C-AFB5-0610FF33B0A1}.Release|x64.ActiveCfg = Release|x64
		{FDB8108C-E63B-419C-AFB5-0610FF33B0A1}.Release|x64.Build.0 = Release|x64
		{FDB8108C-E63B-419C-AFB5-0610FF33B0A1}.Release|x86.ActiveCfg = Release|x86
		{FDB8108C-E63B-419C-AFB5-0610FF33B0A1}.Release|x86.Build.0 = Release|x86
		{51EABF5E-CA16-4313-BCD1-7221A6A73297}.Debug|Any CPU.ActiveCfg = Debug|Any CPU
		{51EABF5E-CA16-4313-BCD1-7221A6A73297}.Debug|Any CPU.Build.0 = Debug|Any CPU
		{51EABF5E-CA16-4313-BCD1-7221A6A73297}.Debug|x64.ActiveCfg = Debug|x64
		{51EABF5E-CA16-4313-BCD1-7221A6A73297}.Debug|x64.Build.0 = Debug|x64
		{51EABF5E-CA16-4313-BCD1-7221A6A73297}.Debug|x86.ActiveCfg = Debug|x86
		{51EABF5E-CA16-4313-BCD1-7221A6A73297}.Debug|x86.Build.0 = Debug|x86
		{51EABF5E-CA16-4313-BCD1-7221A6A73297}.Release|Any CPU.ActiveCfg = Release|Any CPU
		{51EABF5E-CA16-4313-BCD1-7221A6A73297}.Release|Any CPU.Build.0 = Release|Any CPU
		{51EABF5E-CA16-4313-BCD1-7221A6A73297}.Release|x64.ActiveCfg = Release|x64
		{51EABF5E-CA16-4313-BCD1-7221A6A73297}.Release|x64.Build.0 = Release|x64
		{51EABF5E-CA16-4313-BCD1-7221A6A73297}.Release|x86.ActiveCfg = Release|x86
		{51EABF5E-CA16-4313-BCD1-7221A6A73297}.Release|x86.Build.0 = Release|x86
		{F9BD0849-001A-4158-ABD6-8F7C68C750B6}.Debug|Any CPU.ActiveCfg = Debug|Any CPU
		{F9BD0849-001A-4158-ABD6-8F7C68C750B6}.Debug|Any CPU.Build.0 = Debug|Any CPU
		{F9BD0849-001A-4158-ABD6-8F7C68C750B6}.Debug|x64.ActiveCfg = Debug|x64
		{F9BD0849-001A-4158-ABD6-8F7C68C750B6}.Debug|x64.Build.0 = Debug|x64
		{F9BD0849-001A-4158-ABD6-8F7C68C750B6}.Debug|x86.ActiveCfg = Debug|x86
		{F9BD0849-001A-4158-ABD6-8F7C68C750B6}.Debug|x86.Build.0 = Debug|x86
		{F9BD0849-001A-4158-ABD6-8F7C68C750B6}.Release|Any CPU.ActiveCfg = Release|Any CPU
		{F9BD0849-001A-4158-ABD6-8F7C68C750B6}.Release|Any CPU.Build.0 = Release|Any CPU
		{F9BD0849-001A-4158-ABD6-8F7C68C750B6}.Release|x64.ActiveCfg = Release|x64
		{F9BD0849-001A-4158-ABD6-8F7C68C750B6}.Release|x64.Build.0 = Release|x64
		{F9BD0849-001A-4158-ABD6-8F7C68C750B6}.Release|x86.ActiveCfg = Release|x86
		{F9BD0849-001A-4158-ABD6-8F7C68C750B6}.Release|x86.Build.0 = Release|x86
		{CD8DDD2A-796C-4E61-AB6A-8F380C79C753}.Debug|Any CPU.ActiveCfg = Debug|Any CPU
		{CD8DDD2A-796C-4E61-AB6A-8F380C79C753}.Debug|Any CPU.Build.0 = Debug|Any CPU
		{CD8DDD2A-796C-4E61-AB6A-8F380C79C753}.Debug|x64.ActiveCfg = Debug|x64
		{CD8DDD2A-796C-4E61-AB6A-8F380C79C753}.Debug|x64.Build.0 = Debug|x64
		{CD8DDD2A-796C-4E61-AB6A-8F380C79C753}.Debug|x86.ActiveCfg = Debug|x86
		{CD8DDD2A-796C-4E61-AB6A-8F380C79C753}.Debug|x86.Build.0 = Debug|x86
		{CD8DDD2A-796C-4E61-AB6A-8F380C79C753}.Release|Any CPU.ActiveCfg = Release|Any CPU
		{CD8DDD2A-796C-4E61-AB6A-8F380C79C753}.Release|Any CPU.Build.0 = Release|Any CPU
		{CD8DDD2A-796C-4E61-AB6A-8F380C79C753}.Release|x64.ActiveCfg = Release|x64
		{CD8DDD2A-796C-4E61-AB6A-8F380C79C753}.Release|x64.Build.0 = Release|x64
		{CD8DDD2A-796C-4E61-AB6A-8F380C79C753}.Release|x86.ActiveCfg = Release|x86
		{CD8DDD2A-796C-4E61-AB6A-8F380C79C753}.Release|x86.Build.0 = Release|x86
		{B517582E-7A18-49B4-B779-39DB2A802F83}.Debug|Any CPU.ActiveCfg = Debug|Any CPU
		{B517582E-7A18-49B4-B779-39DB2A802F83}.Debug|Any CPU.Build.0 = Debug|Any CPU
		{B517582E-7A18-49B4-B779-39DB2A802F83}.Debug|x64.ActiveCfg = Debug|x64
		{B517582E-7A18-49B4-B779-39DB2A802F83}.Debug|x64.Build.0 = Debug|x64
		{B517582E-7A18-49B4-B779-39DB2A802F83}.Debug|x86.ActiveCfg = Debug|x86
		{B517582E-7A18-49B4-B779-39DB2A802F83}.Debug|x86.Build.0 = Debug|x86
		{B517582E-7A18-49B4-B779-39DB2A802F83}.Release|Any CPU.ActiveCfg = Release|Any CPU
		{B517582E-7A18-49B4-B779-39DB2A802F83}.Release|Any CPU.Build.0 = Release|Any CPU
		{B517582E-7A18-49B4-B779-39DB2A802F83}.Release|x64.ActiveCfg = Release|x64
		{B517582E-7A18-49B4-B779-39DB2A802F83}.Release|x64.Build.0 = Release|x64
		{B517582E-7A18-49B4-B779-39DB2A802F83}.Release|x86.ActiveCfg = Release|x86
		{B517582E-7A18-49B4-B779-39DB2A802F83}.Release|x86.Build.0 = Release|x86
	EndGlobalSection
	GlobalSection(NestedProjects) = preSolution
		{FF04E95B-1E9D-46EC-A1BD-43B829AD630D} = {D99A7C12-A812-4CB9-8C17-4FD052D215C6}
		{F192771C-9E36-4D64-92D1-FFB02DDA0056} = {D99A7C12-A812-4CB9-8C17-4FD052D215C6}
		{608D052D-1BC3-4089-B18E-D9702EB99881} = {D99A7C12-A812-4CB9-8C17-4FD052D215C6}
		{BA59AF0A-6479-4CF9-B615-4CC8B0369683} = {D99A7C12-A812-4CB9-8C17-4FD052D215C6}
		{0DC5934F-98DF-4025-9D0D-0B493CD08792} = {D99A7C12-A812-4CB9-8C17-4FD052D215C6}
		{1621415E-7723-4F46-A589-4C4620C0751A} = {D99A7C12-A812-4CB9-8C17-4FD052D215C6}
		{068AC87B-D707-4421-BE3F-C3DF03A2173E} = {D99A7C12-A812-4CB9-8C17-4FD052D215C6}
		{56ABA32E-466C-45B5-ADE7-63247086E7C7} = {D99A7C12-A812-4CB9-8C17-4FD052D215C6}
		{3E1F3BD0-AA1E-44D4-B08B-24A277F4E774} = {D99A7C12-A812-4CB9-8C17-4FD052D215C6}
		{83DAF542-870F-4F13-9100-8B7C03E96B10} = {D99A7C12-A812-4CB9-8C17-4FD052D215C6}
		{E6F83F01-B396-4DE8-B9D4-1EFDA6DF5D1C} = {D99A7C12-A812-4CB9-8C17-4FD052D215C6}
		{A1A3166A-8FE2-4F74-9A30-311465460660} = {D99A7C12-A812-4CB9-8C17-4FD052D215C6}
		{FDB8108C-E63B-419C-AFB5-0610FF33B0A1} = {D99A7C12-A812-4CB9-8C17-4FD052D215C6}
		{51EABF5E-CA16-4313-BCD1-7221A6A73297} = {D99A7C12-A812-4CB9-8C17-4FD052D215C6}
		{F9BD0849-001A-4158-ABD6-8F7C68C750B6} = {D99A7C12-A812-4CB9-8C17-4FD052D215C6}
		{E0AAB61C-1103-4187-941F-D350333F7192} = {D99A7C12-A812-4CB9-8C17-4FD052D215C6}
		{CD8DDD2A-796C-4E61-AB6A-8F380C79C753} = {E0AAB61C-1103-4187-941F-D350333F7192}
		{B517582E-7A18-49B4-B779-39DB2A802F83} = {D99A7C12-A812-4CB9-8C17-4FD052D215C6}
	EndGlobalSection
EndGlobal
