Microsoft Visual Studio Solution File, Format Version 12.00
# Visual Studio 15
VisualStudioVersion = 15.0.26006.2
MinimumVisualStudioVersion = 10.0.40219.1
Project("{2150E333-8FDC-42A3-9474-1A3956D46DE8}") = "src", "src", "{4EB318F1-78D9-4C1F-BDF8-502D1F7E4619}"
EndProject
Project("{FAE04EC0-301F-11D3-BF4B-00C04F79EFBC}") = "MSBuild.NetCore", "src\MSBuild\MSBuild.NetCore.csproj", "{19EA6D6C-82DF-413B-AE1F-927CC9C2ABB6}"
EndProject
Project("{FAE04EC0-301F-11D3-BF4B-00C04F79EFBC}") = "Microsoft.Build.Framework.NetCore", "src\Framework\Microsoft.Build.Framework.NetCore.csproj", "{86072A09-57B5-4F72-8329-1887BA344C27}"
EndProject
Project("{FAE04EC0-301F-11D3-BF4B-00C04F79EFBC}") = "Microsoft.Build.Utilities.Core.NetCore", "src\Utilities\Microsoft.Build.Utilities.Core.NetCore.csproj", "{29E44D02-7EC4-4242-9086-0356985263D7}"
EndProject
Project("{FAE04EC0-301F-11D3-BF4B-00C04F79EFBC}") = "Microsoft.Build.NetCore", "src\Build\Microsoft.Build.NetCore.csproj", "{00421582-9D72-4798-8D68-9D851F2C637F}"
EndProject
Project("{FAE04EC0-301F-11D3-BF4B-00C04F79EFBC}") = "Microsoft.Build.Tasks.Core.NetCore", "src\Tasks\Microsoft.Build.Tasks.Core.NetCore.csproj", "{EDC05A6F-80B4-40E4-9B6F-2114726ACD0E}"
EndProject
Global
	GlobalSection(SolutionConfigurationPlatforms) = preSolution
		Debug|Any CPU = Debug|Any CPU
		Debug|x64 = Debug|x64
		Debug|x86 = Debug|x86
		Release|Any CPU = Release|Any CPU
		Release|x64 = Release|x64
		Release|x86 = Release|x86
	EndGlobalSection
	GlobalSection(ProjectConfigurationPlatforms) = postSolution
		{19EA6D6C-82DF-413B-AE1F-927CC9C2ABB6}.Debug|Any CPU.ActiveCfg = Debug|Any CPU
		{19EA6D6C-82DF-413B-AE1F-927CC9C2ABB6}.Debug|Any CPU.Build.0 = Debug|Any CPU
		{19EA6D6C-82DF-413B-AE1F-927CC9C2ABB6}.Debug|x64.ActiveCfg = Debug|x64
		{19EA6D6C-82DF-413B-AE1F-927CC9C2ABB6}.Debug|x64.Build.0 = Debug|x64
		{19EA6D6C-82DF-413B-AE1F-927CC9C2ABB6}.Debug|x86.ActiveCfg = Debug|x86
		{19EA6D6C-82DF-413B-AE1F-927CC9C2ABB6}.Debug|x86.Build.0 = Debug|x86
		{19EA6D6C-82DF-413B-AE1F-927CC9C2ABB6}.Release|Any CPU.ActiveCfg = Release|Any CPU
		{19EA6D6C-82DF-413B-AE1F-927CC9C2ABB6}.Release|Any CPU.Build.0 = Release|Any CPU
		{19EA6D6C-82DF-413B-AE1F-927CC9C2ABB6}.Release|x64.ActiveCfg = Release|x64
		{19EA6D6C-82DF-413B-AE1F-927CC9C2ABB6}.Release|x64.Build.0 = Release|x64
		{19EA6D6C-82DF-413B-AE1F-927CC9C2ABB6}.Release|x86.ActiveCfg = Release|x86
		{19EA6D6C-82DF-413B-AE1F-927CC9C2ABB6}.Release|x86.Build.0 = Release|x86
		{86072A09-57B5-4F72-8329-1887BA344C27}.Debug|Any CPU.ActiveCfg = Debug|Any CPU
		{86072A09-57B5-4F72-8329-1887BA344C27}.Debug|Any CPU.Build.0 = Debug|Any CPU
		{86072A09-57B5-4F72-8329-1887BA344C27}.Debug|x64.ActiveCfg = Debug|x64
		{86072A09-57B5-4F72-8329-1887BA344C27}.Debug|x64.Build.0 = Debug|x64
		{86072A09-57B5-4F72-8329-1887BA344C27}.Debug|x86.ActiveCfg = Debug|x86
		{86072A09-57B5-4F72-8329-1887BA344C27}.Debug|x86.Build.0 = Debug|x86
		{86072A09-57B5-4F72-8329-1887BA344C27}.Release|Any CPU.ActiveCfg = Release|Any CPU
		{86072A09-57B5-4F72-8329-1887BA344C27}.Release|Any CPU.Build.0 = Release|Any CPU
		{86072A09-57B5-4F72-8329-1887BA344C27}.Release|x64.ActiveCfg = Release|x64
		{86072A09-57B5-4F72-8329-1887BA344C27}.Release|x64.Build.0 = Release|x64
		{86072A09-57B5-4F72-8329-1887BA344C27}.Release|x86.ActiveCfg = Release|x86
		{86072A09-57B5-4F72-8329-1887BA344C27}.Release|x86.Build.0 = Release|x86
		{29E44D02-7EC4-4242-9086-0356985263D7}.Debug|Any CPU.ActiveCfg = Debug|Any CPU
		{29E44D02-7EC4-4242-9086-0356985263D7}.Debug|Any CPU.Build.0 = Debug|Any CPU
		{29E44D02-7EC4-4242-9086-0356985263D7}.Debug|x64.ActiveCfg = Debug|x64
		{29E44D02-7EC4-4242-9086-0356985263D7}.Debug|x64.Build.0 = Debug|x64
		{29E44D02-7EC4-4242-9086-0356985263D7}.Debug|x86.ActiveCfg = Debug|x86
		{29E44D02-7EC4-4242-9086-0356985263D7}.Debug|x86.Build.0 = Debug|x86
		{29E44D02-7EC4-4242-9086-0356985263D7}.Release|Any CPU.ActiveCfg = Release|Any CPU
		{29E44D02-7EC4-4242-9086-0356985263D7}.Release|Any CPU.Build.0 = Release|Any CPU
		{29E44D02-7EC4-4242-9086-0356985263D7}.Release|x64.ActiveCfg = Release|x64
		{29E44D02-7EC4-4242-9086-0356985263D7}.Release|x64.Build.0 = Release|x64
		{29E44D02-7EC4-4242-9086-0356985263D7}.Release|x86.ActiveCfg = Release|x86
		{29E44D02-7EC4-4242-9086-0356985263D7}.Release|x86.Build.0 = Release|x86
		{00421582-9D72-4798-8D68-9D851F2C637F}.Debug|Any CPU.ActiveCfg = Debug|Any CPU
		{00421582-9D72-4798-8D68-9D851F2C637F}.Debug|Any CPU.Build.0 = Debug|Any CPU
		{00421582-9D72-4798-8D68-9D851F2C637F}.Debug|x64.ActiveCfg = Debug|x64
		{00421582-9D72-4798-8D68-9D851F2C637F}.Debug|x64.Build.0 = Debug|x64
		{00421582-9D72-4798-8D68-9D851F2C637F}.Debug|x86.ActiveCfg = Debug|x86
		{00421582-9D72-4798-8D68-9D851F2C637F}.Debug|x86.Build.0 = Debug|x86
		{00421582-9D72-4798-8D68-9D851F2C637F}.Release|Any CPU.ActiveCfg = Release|Any CPU
		{00421582-9D72-4798-8D68-9D851F2C637F}.Release|Any CPU.Build.0 = Release|Any CPU
		{00421582-9D72-4798-8D68-9D851F2C637F}.Release|x64.ActiveCfg = Release|x64
		{00421582-9D72-4798-8D68-9D851F2C637F}.Release|x64.Build.0 = Release|x64
		{00421582-9D72-4798-8D68-9D851F2C637F}.Release|x86.ActiveCfg = Release|x86
		{00421582-9D72-4798-8D68-9D851F2C637F}.Release|x86.Build.0 = Release|x86
		{EDC05A6F-80B4-40E4-9B6F-2114726ACD0E}.Debug|Any CPU.ActiveCfg = Debug|Any CPU
		{EDC05A6F-80B4-40E4-9B6F-2114726ACD0E}.Debug|Any CPU.Build.0 = Debug|Any CPU
		{EDC05A6F-80B4-40E4-9B6F-2114726ACD0E}.Debug|x64.ActiveCfg = Debug|x64
		{EDC05A6F-80B4-40E4-9B6F-2114726ACD0E}.Debug|x64.Build.0 = Debug|x64
		{EDC05A6F-80B4-40E4-9B6F-2114726ACD0E}.Debug|x86.ActiveCfg = Debug|x86
		{EDC05A6F-80B4-40E4-9B6F-2114726ACD0E}.Debug|x86.Build.0 = Debug|x86
		{EDC05A6F-80B4-40E4-9B6F-2114726ACD0E}.Release|Any CPU.ActiveCfg = Release|Any CPU
		{EDC05A6F-80B4-40E4-9B6F-2114726ACD0E}.Release|Any CPU.Build.0 = Release|Any CPU
		{EDC05A6F-80B4-40E4-9B6F-2114726ACD0E}.Release|x64.ActiveCfg = Release|x64
		{EDC05A6F-80B4-40E4-9B6F-2114726ACD0E}.Release|x64.Build.0 = Release|x64
		{EDC05A6F-80B4-40E4-9B6F-2114726ACD0E}.Release|x86.ActiveCfg = Release|x86
		{EDC05A6F-80B4-40E4-9B6F-2114726ACD0E}.Release|x86.Build.0 = Release|x86
	EndGlobalSection
	GlobalSection(NestedProjects) = preSolution
		{19EA6D6C-82DF-413B-AE1F-927CC9C2ABB6} = {4EB318F1-78D9-4C1F-BDF8-502D1F7E4619}
		{86072A09-57B5-4F72-8329-1887BA344C27} = {4EB318F1-78D9-4C1F-BDF8-502D1F7E4619}
		{29E44D02-7EC4-4242-9086-0356985263D7} = {4EB318F1-78D9-4C1F-BDF8-502D1F7E4619}
		{00421582-9D72-4798-8D68-9D851F2C637F} = {4EB318F1-78D9-4C1F-BDF8-502D1F7E4619}
		{EDC05A6F-80B4-40E4-9B6F-2114726ACD0E} = {4EB318F1-78D9-4C1F-BDF8-502D1F7E4619}
	EndGlobalSection
EndGlobal
