{
  "version": 3,
  "targets": {
    ".NETCoreApp,Version=v1.0": {
      "Microsoft.DotNet.BuildTools/2.0.0-servicing-02217-01": {
        "type": "package",
        "compile": {
          "lib/netstandard1.0/_._": {}
        },
        "runtime": {
          "lib/netstandard1.0/_._": {}
        }
      }
    }
  },
  "libraries": {
    "Microsoft.DotNet.BuildTools/2.0.0-servicing-02217-01": {
      "sha512": "KSK2QrGkrTgy5KbDI9Na/rUvVX5WxgVZfLOmHhF9zbgU/ee0BfBrn58fMiSkYrkfOpo2o14S9ZQWMc8lpXTdoA==",
      "type": "package",
      "path": "microsoft.dotnet.buildtools/2.0.0-servicing-02217-01",
      "files": [
        "lib/ApiCompat.exe",
        "lib/ApiCompat.runtimeconfig.json",
        "lib/ApiCompat.targets",
        "lib/AssemblyInfoPartial.cs",
        "lib/AssemblyInfoPartial.vb",
        "lib/BclRewriter.exe",
        "lib/BclRewriter.runtimeconfig.json",
        "lib/BlockReflectionAttribute.cs",
        "lib/Build.Common.props",
        "lib/Build.Common.targets",
        "lib/Build.Post.targets",
        "lib/BuildVersion.targets",
        "lib/CloudTest.Helix.targets",
        "lib/CloudTest.Perf.targets",
        "lib/CodeCoverage.targets",
        "lib/CommitBuildValues.targets",
        "lib/Default.ruleset",
        "lib/Desktop.Analyzers.dll",
        "lib/DesktopRunnerConfigFile.config",
        "lib/Dumpling.targets",
        "lib/DumplingHelper.py",
        "lib/ECMA.snk",
        "lib/FrameworkTargeting.targets",
        "lib/GenAPI.exe",
        "lib/GenAPI.runtimeconfig.json",
        "lib/GenFacades.Core.dll",
        "lib/GenFacades.exe",
        "lib/GenFacades.runtimeconfig.json",
        "lib/IL.targets",
        "lib/MSBuild.runtimeconfig.json",
        "lib/MSFT.snk",
        "lib/MakePriConfigFile.xml",
        "lib/Microsoft.Cci.Extensions.dll",
        "lib/Microsoft.DotNet.Build.CloudTest.targets",
        "lib/Microsoft.DotNet.Build.CloudTestTasks.dll",
        "lib/Microsoft.DotNet.Build.Tasks.Packaging.dll",
        "lib/Microsoft.DotNet.Build.Tasks.dll",
        "lib/Microsoft.DotNet.VersionTools.dll",
        "lib/NativeVersion.rc",
        "lib/NuGet.Commands.dll",
        "lib/NuGet.Common.dll",
        "lib/NuGet.Configuration.dll",
        "lib/NuGet.DependencyResolver.Core.dll",
        "lib/NuGet.Frameworks.dll",
        "lib/NuGet.LibraryModel.dll",
        "lib/NuGet.Packaging.Core.dll",
        "lib/NuGet.Packaging.dll",
        "lib/NuGet.ProjectModel.dll",
        "lib/NuGet.Protocol.dll",
        "lib/NuGet.Versioning.dll",
        "lib/Open.snk",
        "lib/OptimizationData.msbuild",
        "lib/OptionalTooling.targets",
        "lib/PackageLibs.targets",
        "lib/Packaging.common.targets",
        "lib/Packaging.targets",
        "lib/PerfTesting.targets",
        "lib/PinvokeAnalyzer_Win32Apis.txt",
        "lib/PinvokeAnalyzer_Win32UWPApis.txt",
        "lib/PriConfig.xml",
        "lib/PublishContent.targets",
        "lib/PublishProduct.targets",
        "lib/ReferenceAssemblies.props",
        "lib/ReferenceAssemblies.targets",
        "lib/RepoAPI.Mapping.props",
        "lib/Roslyn.Common.props",
        "lib/RunnerScripts/scriptrunner/continuationrunner.py",
        "lib/RunnerScripts/scriptrunner/scriptrunner.py",
        "lib/RunnerScripts/xunitrunner-func/xunitrunner-func.py",
        "lib/RunnerScripts/xunitrunner-perf/csvjsonconvertor.py",
        "lib/RunnerScripts/xunitrunner-perf/dotnetcliinstaller.py",
        "lib/RunnerScripts/xunitrunner-perf/postprocessperfresults.py",
        "lib/RunnerScripts/xunitrunner-perf/serialobj.py",
        "lib/RunnerScripts/xunitrunner-perf/ubuntu-dotnet-local-install.sh",
        "lib/RunnerScripts/xunitrunner-perf/xunitrunner-perf.py",
        "lib/RunnerTemplate.Unix.txt",
        "lib/RunnerTemplate.Windows.txt",
        "lib/SilverlightPlatformPublicKey.snk",
        "lib/SilverlightPublicKey.snk",
        "lib/Symbols.targets",
        "lib/SyncCloudContent.targets",
        "lib/System.Security.Cryptography.Hashing.Algorithms.Analyzers.dll",
        "lib/Test.snk",
        "lib/UpdateBuildValues.targets",
        "lib/VersionTools.targets",
        "lib/_._",
        "lib/analyzers/Desktop.Analyzers.dll",
        "lib/analyzers/Desktop.CSharp.Analyzers.dll",
        "lib/analyzers/Microsoft.AnalyzerPowerPack.CSharp.dll",
        "lib/analyzers/Microsoft.AnalyzerPowerPack.Common.dll",
        "lib/analyzers/Microsoft.CodeAnalysis.Analyzers.dll",
        "lib/analyzers/Microsoft.CodeAnalysis.CSharp.Analyzers.dll",
        "lib/analyzers/Microsoft.DotNet.CodeAnalysis.dll",
        "lib/analyzers/System.Runtime.Analyzers.dll",
        "lib/analyzers/System.Runtime.CSharp.Analyzers.dll",
        "lib/analyzers/System.Runtime.InteropServices.Analyzers.dll",
        "lib/analyzers/System.Runtime.InteropServices.CSharp.Analyzers.dll",
        "lib/analyzers/System.Security.Cryptography.Hashing.Algorithms.Analyzers.dll",
        "lib/analyzers/System.Security.Cryptography.Hashing.Algorithms.CSharp.Analyzers.dll",
        "lib/checksum.rsp",
        "lib/clean.targets",
        "lib/codeAnalysis.targets",
        "lib/codeOptimization.targets",
        "lib/coreAssembly.rsp",
        "lib/crossgen.sh",
        "lib/csc.runtimeconfig.json",
        "lib/depProj.targets",
        "lib/dnxcore50/_._",
        "lib/encoding.targets",
        "lib/gitpush.targets",
        "lib/init-tools.cmd",
        "lib/init-tools.ps1",
        "lib/init-tools.sh",
        "lib/localization.targets",
        "lib/msbuild.cmd",
        "lib/msbuild.sh",
        "lib/net46/GenFacades.Core.dll",
        "lib/net46/Microsoft.Cci.Extensions.dll",
        "lib/net46/Microsoft.DiaSymReader.Converter.dll",
        "lib/net46/Microsoft.DiaSymReader.Native.amd64.dll",
        "lib/net46/Microsoft.DiaSymReader.Native.x86.dll",
        "lib/net46/Microsoft.DiaSymReader.dll",
        "lib/net46/Microsoft.DotNet.Build.CloudTestTasks.dll",
        "lib/net46/Microsoft.DotNet.Build.Tasks.Packaging.dll",
        "lib/net46/Microsoft.DotNet.Build.Tasks.dll",
        "lib/net46/Microsoft.DotNet.PlatformAbstractions.dll",
        "lib/net46/Microsoft.DotNet.VersionTools.dll",
        "lib/net46/Newtonsoft.Json.dll",
        "lib/net46/NuGet.Commands.dll",
        "lib/net46/NuGet.Common.dll",
        "lib/net46/NuGet.Configuration.dll",
        "lib/net46/NuGet.DependencyResolver.Core.dll",
        "lib/net46/NuGet.Frameworks.dll",
        "lib/net46/NuGet.LibraryModel.dll",
        "lib/net46/NuGet.Packaging.Core.dll",
        "lib/net46/NuGet.Packaging.dll",
        "lib/net46/NuGet.ProjectModel.dll",
        "lib/net46/NuGet.Protocol.dll",
        "lib/net46/NuGet.Versioning.dll",
        "lib/net46/System.Collections.Immutable.dll",
        "lib/net46/System.Reflection.Metadata.dll",
        "lib/net46/System.Runtime.InteropServices.RuntimeInformation.dll",
        "lib/net46/System.ValueTuple.dll",
        "lib/net46/analyzers/Desktop.Analyzers.dll",
        "lib/net46/analyzers/Desktop.CSharp.Analyzers.dll",
        "lib/net46/analyzers/Microsoft.AnalyzerPowerPack.CSharp.dll",
        "lib/net46/analyzers/Microsoft.AnalyzerPowerPack.Common.dll",
        "lib/net46/analyzers/Microsoft.CodeAnalysis.Analyzers.dll",
        "lib/net46/analyzers/Microsoft.CodeAnalysis.CSharp.Analyzers.dll",
        "lib/net46/analyzers/Microsoft.DotNet.CodeAnalysis.dll",
        "lib/net46/analyzers/System.Runtime.Analyzers.dll",
        "lib/net46/analyzers/System.Runtime.CSharp.Analyzers.dll",
        "lib/net46/analyzers/System.Runtime.InteropServices.Analyzers.dll",
        "lib/net46/analyzers/System.Runtime.InteropServices.CSharp.Analyzers.dll",
        "lib/net46/analyzers/System.Security.Cryptography.Hashing.Algorithms.Analyzers.dll",
        "lib/net46/analyzers/System.Security.Cryptography.Hashing.Algorithms.CSharp.Analyzers.dll",
        "lib/net46/makepri.exe",
        "lib/netstandard1.0/_._",
        "lib/notsupported.targets",
        "lib/optional-tool-runtime/optional.json",
        "lib/packageresolve.targets",
        "lib/packages.targets",
        "lib/partialfacades.exe.targets",
        "lib/partialfacades.targets",
        "lib/partialfacades.task.targets",
        "lib/publishtest.targets",
        "lib/resolveContract.targets",
        "lib/resources.targets",
        "lib/run.exe",
        "lib/run.runtimeconfig.json",
        "lib/runtime.json",
        "lib/scripts/docker/cleanup-docker.sh",
        "lib/scripts/docker/init-docker.sh",
        "lib/scripts/vstsagent/cleanupagent.proj",
        "lib/sign.targets",
        "lib/tests.targets",
        "lib/tool-runtime/Program.cs",
        "lib/tool-runtime/project.csproj",
        "lib/toolruntime.targets",
        "lib/vbc.runtimeconfig.json",
        "lib/versioning.props",
        "lib/versioning.targets",
        "lib/xunit.console.netcore.runtimeconfig.json",
        "microsoft.dotnet.buildtools.2.0.0-servicing-02217-01.nupkg.sha512",
        "microsoft.dotnet.buildtools.nuspec",
        "version.txt"
      ]
    }
  },
  "projectFileDependencyGroups": {
    ".NETCoreApp,Version=v1.0": [
      "Microsoft.DotNet.BuildTools >= 2.0.0-servicing-02217-01"
    ]
  },
  "packageFolders": {
    "/home/chris/2.0.5/dotnet/src/core-setup/packages": {}
  },
  "project": {
    "version": "1.0.0",
    "restore": {
      "projectUniqueName": "/home/chris/2.0.5/dotnet/src/core-setup/init-tools.msbuild",
      "projectName": "init-tools",
      "projectPath": "/home/chris/2.0.5/dotnet/src/core-setup/init-tools.msbuild",
      "packagesPath": "/home/chris/2.0.5/dotnet/src/core-setup/packages",
      "outputPath": "/home/chris/2.0.5/dotnet/src/core-setup/Tools/2.0.0-servicing-02217-01/",
      "projectStyle": "PackageReference",
      "configFilePaths": [
        "/home/chris/2.0.5/dotnet/src/core-setup/NuGet.config",
        "/home/chris/.nuget/NuGet/NuGet.Config"
      ],
      "originalTargetFrameworks": [
        "netcoreapp1.0"
      ],
      "sources": {
        "https://dotnet.myget.org/F/dotnet-buildtools/api/v3/index.json": {}
      },
      "frameworks": {
        "netcoreapp1.0": {
          "projectReferences": {}
        }
      },
      "warningProperties": {
        "allWarningsAsErrors": true
      }
    },
    "frameworks": {
      "netcoreapp1.0": {
        "dependencies": {
          "Microsoft.DotNet.BuildTools": {
            "target": "Package",
            "version": "2.0.0-servicing-02217-01"
          }
        }
      }
    }
  }
}